<?xml version="1.0" encoding="utf-8"?>
<Project ToolsVersion="4.0" xmlns="http://schemas.microsoft.com/developer/msbuild/2003">
  <ItemGroup>
    <Filter Include="Source Files">
      <Extensions>cpp;c;cc;cxx;def;odl;idl;hpj;bat;asm;asmx</Extensions>
      <UniqueIdentifier>{EEC4E666-1E0D-46F2-B625-022D0CAB6A35}</UniqueIdentifier>
    </Filter>
    <Filter Include="Header Files">
      <Extensions>h;hpp;hxx;hm;inl;inc;xsd</Extensions>
      <UniqueIdentifier>{F5AA79F7-47D8-405D-B5ED-97586A4A1101}</UniqueIdentifier>
    </Filter>
  </ItemGroup>
  <ItemGroup>
    <ClInclude Include="KeyboardDescriptor.h" />
    <ClInclude Include="Stdafx.h" />
    <ClInclude Include="KeyboardDescriptor.h" />
    <ClInclude Include="Stdafx.h" />
    <ClInclude Include="KeyboardDescriptor.h" />
    <ClInclude Include="Stdafx.h" />
    <ClInclude Include="KeyboardDescriptor.h" />
    <ClInclude Include="Stdafx.h" />
    <ClInclude Include="KeyboardDescriptor.h">
      <Filter>Header Files</Filter>
    </ClInclude>
    <ClInclude Include="Stdafx.h">
      <Filter>Header Files</Filter>
    </ClInclude>
    <ClInclude Include="KbdTables.h">
      <Filter>Header Files</Filter>
    </ClInclude>
    <ClInclude Include="KbdNlsTables.h">
      <Filter>Header Files</Filter>
    </ClInclude>
    <ClInclude Include="Modifiers.h">
      <Filter>Header Files</Filter>
    </ClInclude>
    <ClInclude Include="KeyName.h">
      <Filter>Header Files</Filter>
    </ClInclude>
    <ClInclude Include="DeadKeyName.h">
      <Filter>Header Files</Filter>
    </ClInclude>
    <ClInclude Include="Vsc2Vk.h">
      <Filter>Header Files</Filter>
    </ClInclude>
    <ClInclude Include="Ligature.h">
      <Filter>Header Files</Filter>
    </ClInclude>
    <ClInclude Include="DeadKey.h">
      <Filter>Header Files</Filter>
    </ClInclude>
    <ClInclude Include="Common.h">
      <Filter>Header Files</Filter>
    </ClInclude>
    <ClInclude Include="Utils.h">
      <Filter>Header Files</Filter>
    </ClInclude>
    <ClInclude Include="Stdafx.h">
      <Filter>Header Files</Filter>
    </ClInclude>
    <ClInclude Include="KeyboardDescriptor.h">
      <Filter>Header Files</Filter>
    </ClInclude>
    <ClInclude Include="Vk2Bit.h">
      <Filter>Header Files</Filter>
    </ClInclude>
    <ClInclude Include="Vks2WChars.h">
      <Filter>Header Files</Filter>
    </ClInclude>
    <ClInclude Include="Vk2WChar.h">
      <Filter>Header Files</Filter>
    </ClInclude>
    <ClInclude Include="VkFunction.h">
      <Filter>Header Files</Filter>
    </ClInclude>
    <ClInclude Include="NlsFParam.h">
      <Filter>Header Files</Filter>
    </ClInclude>
    <ClInclude Include="Stdafx.h">
      <Filter>Header Files</Filter>
    </ClInclude>
    <ClInclude Include="KeyboardDescriptor.h">
      <Filter>Header Files</Filter>
    </ClInclude>
  </ItemGroup>
  <ItemGroup>
    <ClCompile Include="AssemblyInfo.cpp">
      <Filter>Source Files</Filter>
    </ClCompile>
    <ClCompile Include="Stdafx.cpp">
      <Filter>Source Files</Filter>
    </ClCompile>
    <ClCompile Include="KeyboardDescriptor.cpp">
      <Filter>Source Files</Filter>
    </ClCompile>
    <ClCompile Include="KbdTables.cpp">
      <Filter>Source Files</Filter>
    </ClCompile>
    <ClCompile Include="KbdNlsTables.cpp">
      <Filter>Source Files</Filter>
    </ClCompile>
    <ClCompile Include="Modifiers.cpp">
      <Filter>Source Files</Filter>
    </ClCompile>
    <ClCompile Include="KeyName.cpp">
      <Filter>Source Files</Filter>
    </ClCompile>
    <ClCompile Include="DeadKeyName.cpp">
      <Filter>Source Files</Filter>
    </ClCompile>
    <ClCompile Include="Vsc2Vk.cpp">
      <Filter>Source Files</Filter>
    </ClCompile>
    <ClCompile Include="Ligature.cpp">
      <Filter>Source Files</Filter>
    </ClCompile>
    <ClCompile Include="DeadKey.cpp">
      <Filter>Source Files</Filter>
    </ClCompile>
    <ClCompile Include="Utils.cpp">
      <Filter>Source Files</Filter>
    </ClCompile>
    <ClCompile Include="Vk2Bit.cpp">
      <Filter>Source Files</Filter>
    </ClCompile>
    <ClCompile Include="Vks2WChars.cpp">
      <Filter>Source Files</Filter>
    </ClCompile>
    <ClCompile Include="Vk2WChar.cpp">
      <Filter>Source Files</Filter>
    </ClCompile>
    <ClCompile Include="VkFunction.cpp">
      <Filter>Source Files</Filter>
    </ClCompile>
    <ClCompile Include="NlsFParam.cpp">
      <Filter>Source Files</Filter>
    </ClCompile>
  </ItemGroup>
</Project>