
Microsoft Visual Studio Solution File, Format Version 12.00
# Visual Studio 2012
Project("{F184B08F-C81C-45F6-A57F-5ABD9991F28F}") = "XmlKeyboardEdit", "XmlKeyboardEdit\XmlKeyboardEdit.vbproj", "{1BE6BF0B-8101-43FF-BD09-B0E88D1489CA}"
EndProject
Project("{F184B08F-C81C-45F6-A57F-5ABD9991F28F}") = "xubdtool", "xubdtool\xubdtool.vbproj", "{7A63A523-1297-49E6-BB1B-39D4A6892F38}"
EndProject
Project("{F184B08F-C81C-45F6-A57F-5ABD9991F28F}") = "XmlKeyboard.Common", "XmlKeyboard.Common\XmlKeyboard.Common.vbproj", "{BF301D09-70D3-4058-8035-83FF1F32B9B3}"
EndProject
Project("{2150E333-8FDC-42A3-9474-1A3956D46DE8}") = "Solution Items", "Solution Items", "{DEB655B8-B581-4CFE-BC3D-8C90588EEAC2}"
	ProjectSection(SolutionItems) = preProject
		Keyboard.xsd = Keyboard.xsd
	EndProjectSection
EndProject
Project("{8BC9CEB8-8B4A-11D0-8D11-00A0C91BC942}") = "XmlKeyboard.Interop", "XmlKeyboard.Interop\XmlKeyboard.Interop.vcxproj", "{59E4F833-070C-48C6-8DE5-560EB0849859}"
EndProject
Global
	GlobalSection(SolutionConfigurationPlatforms) = preSolution
		Debug|Any CPU = Debug|Any CPU
		Debug|Mixed Platforms = Debug|Mixed Platforms
		Debug|Win32 = Debug|Win32
		Release|Any CPU = Release|Any CPU
		Release|Mixed Platforms = Release|Mixed Platforms
		Release|Win32 = Release|Win32
	EndGlobalSection
	GlobalSection(ProjectConfigurationPlatforms) = postSolution
		{1BE6BF0B-8101-43FF-BD09-B0E88D1489CA}.Debug|Any CPU.ActiveCfg = Debug|Any CPU
		{1BE6BF0B-8101-43FF-BD09-B0E88D1489CA}.Debug|Any CPU.Build.0 = Debug|Any CPU
		{1BE6BF0B-8101-43FF-BD09-B0E88D1489CA}.Debug|Mixed Platforms.ActiveCfg = Debug|Any CPU
		{1BE6BF0B-8101-43FF-BD09-B0E88D1489CA}.Debug|Mixed Platforms.Build.0 = Debug|Any CPU
		{1BE6BF0B-8101-43FF-BD09-B0E88D1489CA}.Debug|Win32.ActiveCfg = Debug|Any CPU
		{1BE6BF0B-8101-43FF-BD09-B0E88D1489CA}.Release|Any CPU.ActiveCfg = Release|Any CPU
		{1BE6BF0B-8101-43FF-BD09-B0E88D1489CA}.Release|Any CPU.Build.0 = Release|Any CPU
		{1BE6BF0B-8101-43FF-BD09-B0E88D1489CA}.Release|Mixed Platforms.ActiveCfg = Release|Any CPU
		{1BE6BF0B-8101-43FF-BD09-B0E88D1489CA}.Release|Mixed Platforms.Build.0 = Release|Any CPU
		{1BE6BF0B-8101-43FF-BD09-B0E88D1489CA}.Release|Win32.ActiveCfg = Release|Any CPU
		{7A63A523-1297-49E6-BB1B-39D4A6892F38}.Debug|Any CPU.ActiveCfg = Debug|Any CPU
		{7A63A523-1297-49E6-BB1B-39D4A6892F38}.Debug|Any CPU.Build.0 = Debug|Any CPU
		{7A63A523-1297-49E6-BB1B-39D4A6892F38}.Debug|Mixed Platforms.ActiveCfg = Debug|Any CPU
		{7A63A523-1297-49E6-BB1B-39D4A6892F38}.Debug|Mixed Platforms.Build.0 = Debug|Any CPU
		{7A63A523-1297-49E6-BB1B-39D4A6892F38}.Debug|Win32.ActiveCfg = Debug|Any CPU
		{7A63A523-1297-49E6-BB1B-39D4A6892F38}.Release|Any CPU.ActiveCfg = Release|Any CPU
		{7A63A523-1297-49E6-BB1B-39D4A6892F38}.Release|Any CPU.Build.0 = Release|Any CPU
		{7A63A523-1297-49E6-BB1B-39D4A6892F38}.Release|Mixed Platforms.ActiveCfg = Release|Any CPU
		{7A63A523-1297-49E6-BB1B-39D4A6892F38}.Release|Mixed Platforms.Build.0 = Release|Any CPU
		{7A63A523-1297-49E6-BB1B-39D4A6892F38}.Release|Win32.ActiveCfg = Release|Any CPU
		{BF301D09-70D3-4058-8035-83FF1F32B9B3}.Debug|Any CPU.ActiveCfg = Debug|Any CPU
		{BF301D09-70D3-4058-8035-83FF1F32B9B3}.Debug|Any CPU.Build.0 = Debug|Any CPU
		{BF301D09-70D3-4058-8035-83FF1F32B9B3}.Debug|Mixed Platforms.ActiveCfg = Debug|Any CPU
		{BF301D09-70D3-4058-8035-83FF1F32B9B3}.Debug|Mixed Platforms.Build.0 = Debug|Any CPU
		{BF301D09-70D3-4058-8035-83FF1F32B9B3}.Debug|Win32.ActiveCfg = Debug|Any CPU
		{BF301D09-70D3-4058-8035-83FF1F32B9B3}.Release|Any CPU.ActiveCfg = Release|Any CPU
		{BF301D09-70D3-4058-8035-83FF1F32B9B3}.Release|Any CPU.Build.0 = Release|Any CPU
		{BF301D09-70D3-4058-8035-83FF1F32B9B3}.Release|Mixed Platforms.ActiveCfg = Release|Any CPU
		{BF301D09-70D3-4058-8035-83FF1F32B9B3}.Release|Mixed Platforms.Build.0 = Release|Any CPU
		{BF301D09-70D3-4058-8035-83FF1F32B9B3}.Release|Win32.ActiveCfg = Release|Any CPU
		{59E4F833-070C-48C6-8DE5-560EB0849859}.Debug|Any CPU.ActiveCfg = Win7 Debug|Win32
		{59E4F833-070C-48C6-8DE5-560EB0849859}.Debug|Mixed Platforms.ActiveCfg = Win7 Debug|Win32
		{59E4F833-070C-48C6-8DE5-560EB0849859}.Debug|Mixed Platforms.Build.0 = Win7 Debug|Win32
		{59E4F833-070C-48C6-8DE5-560EB0849859}.Debug|Mixed Platforms.Deploy.0 = Win7 Debug|Win32
		{59E4F833-070C-48C6-8DE5-560EB0849859}.Debug|Win32.ActiveCfg = Win7 Debug|Win32
		{59E4F833-070C-48C6-8DE5-560EB0849859}.Debug|Win32.Build.0 = Win7 Debug|Win32
		{59E4F833-070C-48C6-8DE5-560EB0849859}.Debug|Win32.Deploy.0 = Win7 Debug|Win32
		{59E4F833-070C-48C6-8DE5-560EB0849859}.Release|Any CPU.ActiveCfg = Win8 Release|Win32
		{59E4F833-070C-48C6-8DE5-560EB0849859}.Release|Mixed Platforms.ActiveCfg = Win8 Release|Win32
		{59E4F833-070C-48C6-8DE5-560EB0849859}.Release|Mixed Platforms.Build.0 = Win8 Release|Win32
		{59E4F833-070C-48C6-8DE5-560EB0849859}.Release|Mixed Platforms.Deploy.0 = Win8 Release|Win32
		{59E4F833-070C-48C6-8DE5-560EB0849859}.Release|Win32.ActiveCfg = Win8 Release|Win32
		{59E4F833-070C-48C6-8DE5-560EB0849859}.Release|Win32.Build.0 = Win8 Release|Win32
		{59E4F833-070C-48C6-8DE5-560EB0849859}.Release|Win32.Deploy.0 = Win8 Release|Win32
	EndGlobalSection
	GlobalSection(SolutionProperties) = preSolution
		HideSolutionNode = FALSE
	EndGlobalSection
EndGlobal
